dependencies:
  espressif/led_strip:
    component_hash: 223998f10cae6d81f2ad2dd3c1103c2221be298c708e37917482b0153f3ec64e
    dependencies:
    - name: idf
      require: private
      version: '>=5.0'
    source:
      registry_url: https://components.espressif.com/
      type: service
    version: 3.0.1~1
  idf:
    source:
      type: idf
    version: 5.4.0
direct_dependencies:
- espressif/led_strip
- idf
manifest_hash: 9ebd61f1667fe4a29f430801719e2e04d78302956f3081ca8b0d40b19c07b5dc
target: esp32
version: 2.0.0
